
Microsoft Visual Studio Solution File, Format Version 12.00
# Visual Studio 2013
VisualStudioVersion = 12.0.31101.0
MinimumVisualStudioVersion = 10.0.40219.1
Project("{FAE04EC0-301F-11D3-BF4B-00C04F79EFBC}") = "EnvVarsToXML", "EnvVarsToXML\EnvVarsToXML.csproj", "{66E423EB-FFA3-4CE4-BCA3-75BDB6A8318D}"
EndProject
Global
	GlobalSection(SolutionConfigurationPlatforms) = preSolution
		Debug|Any CPU = Debug|Any CPU
		Development|Any CPU = Development|Any CPU
	EndGlobalSection
	GlobalSection(ProjectConfigurationPlatforms) = postSolution
		{66E423EB-FFA3-4CE4-BCA3-75BDB6A8318D}.Debug|Any CPU.ActiveCfg = Debug|Any CPU
		{66E423EB-FFA3-4CE4-BCA3-75BDB6A8318D}.Debug|Any CPU.Build.0 = Debug|Any CPU
		{66E423EB-FFA3-4CE4-BCA3-75BDB6A8318D}.Development|Any CPU.ActiveCfg = Development|Any CPU
		{66E423EB-FFA3-4CE4-BCA3-75BDB6A8318D}.Development|Any CPU.Build.0 = Development|Any CPU
	EndGlobalSection
	GlobalSection(SolutionProperties) = preSolution
		HideSolutionNode = FALSE
	EndGlobalSection
EndGlobal
