
Microsoft Visual Studio Solution File, Format Version 12.00
# Visual Studio 2012
Project("{FAE04EC0-301F-11D3-BF4B-00C04F79EFBC}") = "MarkdownMode", "MarkdownMode.csproj", "{1017287A-83B1-41AB-BAC2-045AC45607C7}"
	ProjectSection(ProjectDependencies) = postProject
		{EB070562-4CD3-43D6-9CBC-56BB14800E20} = {EB070562-4CD3-43D6-9CBC-56BB14800E20}
	EndProjectSection
EndProject
Project("{FAE04EC0-301F-11D3-BF4B-00C04F79EFBC}") = "SpellChecker.Definitions", "Spellchecker\SpellChecker.Definitions\SpellChecker.Definitions.csproj", "{87D22AC6-424B-48DD-A5E8-DCB7CB3DDD63}"
EndProject
Project("{FAE04EC0-301F-11D3-BF4B-00C04F79EFBC}") = "MarkdownSharp", "..\UnrealDocTool\MarkdownSharp\MarkdownSharp.csproj", "{37619116-CCE8-465A-8B1F-081CA53364BB}"
EndProject
Project("{FAE04EC0-301F-11D3-BF4B-00C04F79EFBC}") = "CommonUnrealMarkdown", "..\UnrealDocTool\CommonUnrealMarkdown\CommonUnrealMarkdown.csproj", "{EB070562-4CD3-43D6-9CBC-56BB14800E20}"
EndProject
Project("{2150E333-8FDC-42A3-9474-1A3956D46DE8}") = "Solution Items", "Solution Items", "{7282E3AD-4201-43D6-83C3-98B8D5D08700}"
	ProjectSection(SolutionItems) = preProject
		Performance1.psess = Performance1.psess
	EndProjectSection
EndProject
Global
	GlobalSection(SolutionConfigurationPlatforms) = preSolution
		Debug|Any CPU = Debug|Any CPU
		Development|Any CPU = Development|Any CPU
		Release|Any CPU = Release|Any CPU
	EndGlobalSection
	GlobalSection(ProjectConfigurationPlatforms) = postSolution
		{1017287A-83B1-41AB-BAC2-045AC45607C7}.Debug|Any CPU.ActiveCfg = Debug|Any CPU
		{1017287A-83B1-41AB-BAC2-045AC45607C7}.Debug|Any CPU.Build.0 = Debug|Any CPU
		{1017287A-83B1-41AB-BAC2-045AC45607C7}.Development|Any CPU.ActiveCfg = Debug|Any CPU
		{1017287A-83B1-41AB-BAC2-045AC45607C7}.Development|Any CPU.Build.0 = Debug|Any CPU
		{1017287A-83B1-41AB-BAC2-045AC45607C7}.Release|Any CPU.ActiveCfg = Release|Any CPU
		{1017287A-83B1-41AB-BAC2-045AC45607C7}.Release|Any CPU.Build.0 = Release|Any CPU
		{87D22AC6-424B-48DD-A5E8-DCB7CB3DDD63}.Debug|Any CPU.ActiveCfg = Debug|Any CPU
		{87D22AC6-424B-48DD-A5E8-DCB7CB3DDD63}.Debug|Any CPU.Build.0 = Debug|Any CPU
		{87D22AC6-424B-48DD-A5E8-DCB7CB3DDD63}.Development|Any CPU.ActiveCfg = Development|Any CPU
		{87D22AC6-424B-48DD-A5E8-DCB7CB3DDD63}.Development|Any CPU.Build.0 = Development|Any CPU
		{87D22AC6-424B-48DD-A5E8-DCB7CB3DDD63}.Release|Any CPU.ActiveCfg = Development|Any CPU
		{87D22AC6-424B-48DD-A5E8-DCB7CB3DDD63}.Release|Any CPU.Build.0 = Development|Any CPU
		{37619116-CCE8-465A-8B1F-081CA53364BB}.Debug|Any CPU.ActiveCfg = Debug|Any CPU
		{37619116-CCE8-465A-8B1F-081CA53364BB}.Debug|Any CPU.Build.0 = Debug|Any CPU
		{37619116-CCE8-465A-8B1F-081CA53364BB}.Development|Any CPU.ActiveCfg = Development|Any CPU
		{37619116-CCE8-465A-8B1F-081CA53364BB}.Development|Any CPU.Build.0 = Development|Any CPU
		{37619116-CCE8-465A-8B1F-081CA53364BB}.Release|Any CPU.ActiveCfg = Development|Any CPU
		{37619116-CCE8-465A-8B1F-081CA53364BB}.Release|Any CPU.Build.0 = Development|Any CPU
		{EB070562-4CD3-43D6-9CBC-56BB14800E20}.Debug|Any CPU.ActiveCfg = Debug|Any CPU
		{EB070562-4CD3-43D6-9CBC-56BB14800E20}.Debug|Any CPU.Build.0 = Debug|Any CPU
		{EB070562-4CD3-43D6-9CBC-56BB14800E20}.Development|Any CPU.ActiveCfg = Development|Any CPU
		{EB070562-4CD3-43D6-9CBC-56BB14800E20}.Development|Any CPU.Build.0 = Development|Any CPU
		{EB070562-4CD3-43D6-9CBC-56BB14800E20}.Release|Any CPU.ActiveCfg = Development|Any CPU
		{EB070562-4CD3-43D6-9CBC-56BB14800E20}.Release|Any CPU.Build.0 = Development|Any CPU
	EndGlobalSection
	GlobalSection(SolutionProperties) = preSolution
		HideSolutionNode = FALSE
	EndGlobalSection
EndGlobal
