
Microsoft Visual Studio Solution File, Format Version 11.00
# Visual Studio 2010
Project("{FAE04EC0-301F-11D3-BF4B-00C04F79EFBC}") = "SpellChecker.Definitions", "SpellChecker.Definitions\SpellChecker.Definitions.csproj", "{87D22AC6-424B-48DD-A5E8-DCB7CB3DDD63}"
EndProject
Project("{FAE04EC0-301F-11D3-BF4B-00C04F79EFBC}") = "SpellChecker", "SpellChecker.Implementation\SpellChecker.csproj", "{34115C0C-E2B4-42D7-9B23-F613C042B416}"
EndProject
Project("{2150E333-8FDC-42A3-9474-1A3956D46DE8}") = "Solution Items", "Solution Items", "{B3E23353-454E-40CD-8871-7D2EA1EC6355}"
	ProjectSection(SolutionItems) = preProject
		Local.testsettings = Local.testsettings
		SpellChecker.vsmdi = SpellChecker.vsmdi
		TraceAndTestImpact.testsettings = TraceAndTestImpact.testsettings
	EndProjectSection
EndProject
Project("{FAE04EC0-301F-11D3-BF4B-00C04F79EFBC}") = "SpellChecker.Test", "Test\SpellChecker.Test.csproj", "{C1EDBDEC-D389-4EB1-8768-1D6F37C0B203}"
EndProject
Global
	GlobalSection(TestCaseManagementSettings) = postSolution
		CategoryFile = SpellChecker.vsmdi
	EndGlobalSection
	GlobalSection(SolutionConfigurationPlatforms) = preSolution
		Debug|Any CPU = Debug|Any CPU
		Release|Any CPU = Release|Any CPU
	EndGlobalSection
	GlobalSection(ProjectConfigurationPlatforms) = postSolution
		{87D22AC6-424B-48DD-A5E8-DCB7CB3DDD63}.Debug|Any CPU.ActiveCfg = Debug|Any CPU
		{87D22AC6-424B-48DD-A5E8-DCB7CB3DDD63}.Debug|Any CPU.Build.0 = Debug|Any CPU
		{87D22AC6-424B-48DD-A5E8-DCB7CB3DDD63}.Release|Any CPU.ActiveCfg = Release|Any CPU
		{87D22AC6-424B-48DD-A5E8-DCB7CB3DDD63}.Release|Any CPU.Build.0 = Release|Any CPU
		{34115C0C-E2B4-42D7-9B23-F613C042B416}.Debug|Any CPU.ActiveCfg = Debug|Any CPU
		{34115C0C-E2B4-42D7-9B23-F613C042B416}.Debug|Any CPU.Build.0 = Debug|Any CPU
		{34115C0C-E2B4-42D7-9B23-F613C042B416}.Release|Any CPU.ActiveCfg = Release|Any CPU
		{34115C0C-E2B4-42D7-9B23-F613C042B416}.Release|Any CPU.Build.0 = Release|Any CPU
		{C1EDBDEC-D389-4EB1-8768-1D6F37C0B203}.Debug|Any CPU.ActiveCfg = Debug|Any CPU
		{C1EDBDEC-D389-4EB1-8768-1D6F37C0B203}.Debug|Any CPU.Build.0 = Debug|Any CPU
		{C1EDBDEC-D389-4EB1-8768-1D6F37C0B203}.Release|Any CPU.ActiveCfg = Release|Any CPU
		{C1EDBDEC-D389-4EB1-8768-1D6F37C0B203}.Release|Any CPU.Build.0 = Release|Any CPU
	EndGlobalSection
	GlobalSection(SolutionProperties) = preSolution
		HideSolutionNode = FALSE
	EndGlobalSection
EndGlobal
